
Microsoft Visual Studio Solution File, Format Version 12.00
# Visual Studio Version 17
VisualStudioVersion = 17.11.35327.3
MinimumVisualStudioVersion = 10.0.40219.1
Project("{FAE04EC0-301F-11D3-BF4B-00C04F79EFBC}") = "CRUDProduct", "CRUDProduct\CRUDProduct.csproj", "{47694245-5B29-4E71-8929-6547FD879051}"
EndProject
Global
	GlobalSection(SolutionConfigurationPlatforms) = preSolution
		Debug|Any CPU = Debug|Any CPU
		Release|Any CPU = Release|Any CPU
	EndGlobalSection
	GlobalSection(ProjectConfigurationPlatforms) = postSolution
		{47694245-5B29-4E71-8929-6547FD879051}.Debug|Any CPU.ActiveCfg = Debug|Any CPU
		{47694245-5B29-4E71-8929-6547FD879051}.Debug|Any CPU.Build.0 = Debug|Any CPU
		{47694245-5B29-4E71-8929-6547FD879051}.Release|Any CPU.ActiveCfg = Release|Any CPU
		{47694245-5B29-4E71-8929-6547FD879051}.Release|Any CPU.Build.0 = Release|Any CPU
	EndGlobalSection
	GlobalSection(SolutionProperties) = preSolution
		HideSolutionNode = FALSE
	EndGlobalSection
	GlobalSection(ExtensibilityGlobals) = postSolution
		SolutionGuid = {B8F67AF2-E453-447D-9EBC-B4D4F7361EF9}
	EndGlobalSection
EndGlobal
